hash: 604118436380183c96b8919895f567e3b582fe81fa6933fd096aa7053ffe10d0
updated: 2017-06-07T12:26:00.774321276-07:00
imports:
- name: github.com/DATA-DOG/godog
  version: 92fbee719c9593813b24a6ef042bcad40324ede4
  subpackages:
  - colors
  - gherkin
- name: github.com/satori/go.uuid
  version: 879c5887cd475cd7864858769793b2ceb0d44feb
- name: golang.org/x/net
  version: c9b681d35165f1995d6f3034e61f8761d4b90c99
  subpackages:
  - websocket
testImports: []
